
Microsoft Visual Studio Solution File, Format Version 12.00
# Visual Studio Version 17
VisualStudioVersion = 17.3.32922.545
MinimumVisualStudioVersion = 10.0.40219.1
Project("{9A19103F-16F7-4668-BE54-9A1E7A4F7556}") = "Mongo.RestApi", "src\Mongo.RestApi\Mongo.RestApi.csproj", "{34524B6B-B041-4507-AE27-FFF863FCEE3A}"
EndProject
Project("{2150E333-8FDC-42A3-9474-1A3956D46DE8}") = "tests", "tests", "{93933578-4058-43B2-A0E8-9E6CF48791A6}"
EndProject
Project("{FAE04EC0-301F-11D3-BF4B-00C04F79EFBC}") = "Mongo.RestApi.IntegrationTests", "tests\Mongo.RestApi.IntegrationTests\Mongo.RestApi.IntegrationTests.csproj", "{F35975B0-8DC3-427D-BE44-1E2447F1C58B}"
EndProject
Global
	GlobalSection(SolutionConfigurationPlatforms) = preSolution
		Debug|Any CPU = Debug|Any CPU
		Release|Any CPU = Release|Any CPU
	EndGlobalSection
	GlobalSection(ProjectConfigurationPlatforms) = postSolution
		{34524B6B-B041-4507-AE27-FFF863FCEE3A}.Debug|Any CPU.ActiveCfg = Debug|Any CPU
		{34524B6B-B041-4507-AE27-FFF863FCEE3A}.Debug|Any CPU.Build.0 = Debug|Any CPU
		{34524B6B-B041-4507-AE27-FFF863FCEE3A}.Release|Any CPU.ActiveCfg = Release|Any CPU
		{34524B6B-B041-4507-AE27-FFF863FCEE3A}.Release|Any CPU.Build.0 = Release|Any CPU
		{F35975B0-8DC3-427D-BE44-1E2447F1C58B}.Debug|Any CPU.ActiveCfg = Debug|Any CPU
		{F35975B0-8DC3-427D-BE44-1E2447F1C58B}.Debug|Any CPU.Build.0 = Debug|Any CPU
		{F35975B0-8DC3-427D-BE44-1E2447F1C58B}.Release|Any CPU.ActiveCfg = Release|Any CPU
		{F35975B0-8DC3-427D-BE44-1E2447F1C58B}.Release|Any CPU.Build.0 = Release|Any CPU
	EndGlobalSection
	GlobalSection(SolutionProperties) = preSolution
		HideSolutionNode = FALSE
	EndGlobalSection
	GlobalSection(NestedProjects) = preSolution
		{F35975B0-8DC3-427D-BE44-1E2447F1C58B} = {93933578-4058-43B2-A0E8-9E6CF48791A6}
	EndGlobalSection
	GlobalSection(ExtensibilityGlobals) = postSolution
		SolutionGuid = {876A2CC9-7198-4475-A7FF-C4213C8C934C}
	EndGlobalSection
EndGlobal
